
Microsoft Visual Studio Solution File, Format Version 12.00
# Visual Studio Version 17
VisualStudioVersion = 17.0.31808.319
MinimumVisualStudioVersion = 10.0.40219.1
Project("{FAE04EC0-301F-11D3-BF4B-00C04F79EFBC}") = "VT-Api", "VT-Api\VT-Api.csproj", "{7D0E0F78-D633-4E4D-AC56-145529B207E2}"
EndProject
Global
	GlobalSection(SolutionConfigurationPlatforms) = preSolution
		Debug|Any CPU = Debug|Any CPU
		PreRelease|Any CPU = PreRelease|Any CPU
		Release|Any CPU = Release|Any CPU
	EndGlobalSection
	GlobalSection(ProjectConfigurationPlatforms) = postSolution
		{7D0E0F78-D633-4E4D-AC56-145529B207E2}.Debug|Any CPU.ActiveCfg = Debug|Any CPU
		{7D0E0F78-D633-4E4D-AC56-145529B207E2}.Debug|Any CPU.Build.0 = Debug|Any CPU
		{7D0E0F78-D633-4E4D-AC56-145529B207E2}.PreRelease|Any CPU.ActiveCfg = PreRelease|Any CPU
		{7D0E0F78-D633-4E4D-AC56-145529B207E2}.PreRelease|Any CPU.Build.0 = PreRelease|Any CPU
		{7D0E0F78-D633-4E4D-AC56-145529B207E2}.Release|Any CPU.ActiveCfg = Release|Any CPU
		{7D0E0F78-D633-4E4D-AC56-145529B207E2}.Release|Any CPU.Build.0 = Release|Any CPU
	EndGlobalSection
	GlobalSection(SolutionProperties) = preSolution
		HideSolutionNode = FALSE
	EndGlobalSection
	GlobalSection(ExtensibilityGlobals) = postSolution
		SolutionGuid = {4504A1F6-F657-499F-96D9-06C416E9D98B}
	EndGlobalSection
EndGlobal
